// !$*UTF8*$!
{
	archiveVersion = 1;
	classes = {
	};
	objectVersion = 46;
	objects = {

/* Begin PBXBuildFile section */
		095301EB1EF29765002FE0C0 /* Weapon.m in Sources */ = {isa = PBXBuildFile; fileRef = 095301EA1EF29765002FE0C0 /* Weapon.m */; };
		095301EE1EF29D77002FE0C0 /* MeleWeapon.m in Sources */ = {isa = PBXBuildFile; fileRef = 095301ED1EF29D77002FE0C0 /* MeleWeapon.m */; };
		095301F11EF29F9E002FE0C0 /* FireWeapon.m in Sources */ = {isa = PBXBuildFile; fileRef = 095301F01EF29F9E002FE0C0 /* FireWeapon.m */; };
		09B754701EF3DC8300CB2B88 /* Pet.m in Sources */ = {isa = PBXBuildFile; fileRef = 09B7546F1EF3DC8300CB2B88 /* Pet.m */; };
		09E8B9981EF11843009FDCB5 /* main.m in Sources */ = {isa = PBXBuildFile; fileRef = 09E8B9971EF11843009FDCB5 /* main.m */; };
		09E8B9A01EF11EE3009FDCB5 /* Soldier.m in Sources */ = {isa = PBXBuildFile; fileRef = 09E8B99F1EF11EE3009FDCB5 /* Soldier.m */; };
/* End PBXBuildFile section */

/* Begin PBXCopyFilesBuildPhase section */
		09E8B9921EF11842009FDCB5 /* CopyFiles */ = {
			isa = PBXCopyFilesBuildPhase;
			buildActionMask = 2147483647;
			dstPath = /usr/share/man/man1/;
			dstSubfolderSpec = 0;
			files = (
			);
			runOnlyForDeploymentPostprocessing = 1;
		};
/* End PBXCopyFilesBuildPhase section */

/* Begin PBXFileReference section */
		095301E91EF29765002FE0C0 /* Weapon.h */ = {isa = PBXFileReference; fileEncoding = 4; lastKnownFileType = sourcecode.c.h; path = Weapon.h; sourceTree = "<group>"; };
		095301EA1EF29765002FE0C0 /* Weapon.m */ = {isa = PBXFileReference; fileEncoding = 4; lastKnownFileType = sourcecode.c.objc; path = Weapon.m; sourceTree = "<group>"; };
		095301EC1EF29D77002FE0C0 /* MeleWeapon.h */ = {isa = PBXFileReference; fileEncoding = 4; lastKnownFileType = sourcecode.c.h; path = MeleWeapon.h; sourceTree = "<group>"; };
		095301ED1EF29D77002FE0C0 /* MeleWeapon.m */ = {isa = PBXFileReference; fileEncoding = 4; lastKnownFileType = sourcecode.c.objc; path = MeleWeapon.m; sourceTree = "<group>"; };
		095301EF1EF29F9E002FE0C0 /* FireWeapon.h */ = {isa = PBXFileReference; fileEncoding = 4; lastKnownFileType = sourcecode.c.h; path = FireWeapon.h; sourceTree = "<group>"; };
		095301F01EF29F9E002FE0C0 /* FireWeapon.m */ = {isa = PBXFileReference; fileEncoding = 4; lastKnownFileType = sourcecode.c.objc; path = FireWeapon.m; sourceTree = "<group>"; };
		09B7546D1EF3D7CA00CB2B88 /* iAttackable.h */ = {isa = PBXFileReference; lastKnownFileType = sourcecode.c.h; path = iAttackable.h; sourceTree = "<group>"; };
		09B7546E1EF3DC8300CB2B88 /* Pet.h */ = {isa = PBXFileReference; fileEncoding = 4; lastKnownFileType = sourcecode.c.h; path = Pet.h; sourceTree = "<group>"; };
		09B7546F1EF3DC8300CB2B88 /* Pet.m */ = {isa = PBXFileReference; fileEncoding = 4; lastKnownFileType = sourcecode.c.objc; path = Pet.m; sourceTree = "<group>"; };
		09B754711EF3EB5700CB2B88 /* Soldier+Internal.h */ = {isa = PBXFileReference; fileEncoding = 4; lastKnownFileType = sourcecode.c.h; path = "Soldier+Internal.h"; sourceTree = "<group>"; };
		09E8B9941EF11843009FDCB5 /* SoldierGame */ = {isa = PBXFileReference; explicitFileType = "compiled.mach-o.executable"; includeInIndex = 0; path = SoldierGame; sourceTree = BUILT_PRODUCTS_DIR; };
		09E8B9971EF11843009FDCB5 /* main.m */ = {isa = PBXFileReference; lastKnownFileType = sourcecode.c.objc; path = main.m; sourceTree = "<group>"; xcLanguageSpecificationIdentifier = xcode.lang.objc; };
		09E8B99E1EF11EE3009FDCB5 /* Soldier.h */ = {isa = PBXFileReference; fileEncoding = 4; lastKnownFileType = sourcecode.c.h; path = Soldier.h; sourceTree = "<group>"; };
		09E8B99F1EF11EE3009FDCB5 /* Soldier.m */ = {isa = PBXFileReference; fileEncoding = 4; lastKnownFileType = sourcecode.c.objc; path = Soldier.m; sourceTree = "<group>"; };
/* End PBXFileReference section */

/* Begin PBXFrameworksBuildPhase section */
		09E8B9911EF11842009FDCB5 /* Frameworks */ = {
			isa = PBXFrameworksBuildPhase;
			buildActionMask = 2147483647;
			files = (
			);
			runOnlyForDeploymentPostprocessing = 0;
		};
/* End PBXFrameworksBuildPhase section */

/* Begin PBXGroup section */
		09E8B98B1EF11842009FDCB5 = {
			isa = PBXGroup;
			children = (
				09E8B9961EF11843009FDCB5 /* SoldierGame */,
				09E8B9951EF11843009FDCB5 /* Products */,
			);
			sourceTree = "<group>";
		};
		09E8B9951EF11843009FDCB5 /* Products */ = {
			isa = PBXGroup;
			children = (
				09E8B9941EF11843009FDCB5 /* SoldierGame */,
			);
			name = Products;
			sourceTree = "<group>";
		};
		09E8B9961EF11843009FDCB5 /* SoldierGame */ = {
			isa = PBXGroup;
			children = (
				09E8B9971EF11843009FDCB5 /* main.m */,
				09E8B99E1EF11EE3009FDCB5 /* Soldier.h */,
				09E8B99F1EF11EE3009FDCB5 /* Soldier.m */,
				09B754711EF3EB5700CB2B88 /* Soldier+Internal.h */,
				095301E91EF29765002FE0C0 /* Weapon.h */,
				095301EA1EF29765002FE0C0 /* Weapon.m */,
				095301EC1EF29D77002FE0C0 /* MeleWeapon.h */,
				095301ED1EF29D77002FE0C0 /* MeleWeapon.m */,
				095301EF1EF29F9E002FE0C0 /* FireWeapon.h */,
				095301F01EF29F9E002FE0C0 /* FireWeapon.m */,
				09B7546D1EF3D7CA00CB2B88 /* iAttackable.h */,
				09B7546E1EF3DC8300CB2B88 /* Pet.h */,
				09B7546F1EF3DC8300CB2B88 /* Pet.m */,
			);
			path = SoldierGame;
			sourceTree = "<group>";
		};
/* End PBXGroup section */

/* Begin PBXNativeTarget section */
		09E8B9931EF11842009FDCB5 /* SoldierGame */ = {
			isa = PBXNativeTarget;
			buildConfigurationList = 09E8B99B1EF11843009FDCB5 /* Build configuration list for PBXNativeTarget "SoldierGame" */;
			buildPhases = (
				09E8B9901EF11842009FDCB5 /* Sources */,
				09E8B9911EF11842009FDCB5 /* Frameworks */,
				09E8B9921EF11842009FDCB5 /* CopyFiles */,
			);
			buildRules = (
			);
			dependencies = (
			);
			name = SoldierGame;
			productName = SoldierGame;
			productReference = 09E8B9941EF11843009FDCB5 /* SoldierGame */;
			productType = "com.apple.product-type.tool";
		};
/* End PBXNativeTarget section */

/* Begin PBXProject section */
		09E8B98C1EF11842009FDCB5 /* Project object */ = {
			isa = PBXProject;
			attributes = {
				LastUpgradeCheck = 0800;
				ORGANIZATIONNAME = Cice;
				TargetAttributes = {
					09E8B9931EF11842009FDCB5 = {
						CreatedOnToolsVersion = 8.0;
						ProvisioningStyle = Automatic;
					};
				};
			};
			buildConfigurationList = 09E8B98F1EF11842009FDCB5 /* Build configuration list for PBXProject "SoldierGame" */;
			compatibilityVersion = "Xcode 3.2";
			developmentRegion = English;
			hasScannedForEncodings = 0;
			knownRegions = (
				en,
			);
			mainGroup = 09E8B98B1EF11842009FDCB5;
			productRefGroup = 09E8B9951EF11843009FDCB5 /* Products */;
			projectDirPath = "";
			projectRoot = "";
			targets = (
				09E8B9931EF11842009FDCB5 /* SoldierGame */,
			);
		};
/* End PBXProject section */

/* Begin PBXSourcesBuildPhase section */
		09E8B9901EF11842009FDCB5 /* Sources */ = {
			isa = PBXSourcesBuildPhase;
			buildActionMask = 2147483647;
			files = (
				095301EB1EF29765002FE0C0 /* Weapon.m in Sources */,
				09E8B9A01EF11EE3009FDCB5 /* Soldier.m in Sources */,
				095301EE1EF29D77002FE0C0 /* MeleWeapon.m in Sources */,
				09B754701EF3DC8300CB2B88 /* Pet.m in Sources */,
				09E8B9981EF11843009FDCB5 /* main.m in Sources */,
				095301F11EF29F9E002FE0C0 /* FireWeapon.m in Sources */,
			);
			runOnlyForDeploymentPostprocessing = 0;
		};
/* End PBXSourcesBuildPhase section */

/* Begin XCBuildConfiguration section */
		09E8B9991EF11843009FDCB5 /* Debug */ = {
			isa = XCBuildConfiguration;
			buildSettings = {
				ALWAYS_SEARCH_USER_PATHS = NO;
				CLANG_ANALYZER_NONNULL = YES;
				CLANG_CXX_LANGUAGE_STANDARD = "gnu++0x";
				CLANG_CXX_LIBRARY = "libc++";
				CLANG_ENABLE_MODULES = YES;
				CLANG_ENABLE_OBJC_ARC = YES;
				CLANG_WARN_BOOL_CONVERSION = YES;
				CLANG_WARN_CONSTANT_CONVERSION = YES;
				CLANG_WARN_DIRECT_OBJC_ISA_USAGE = YES_ERROR;
				CLANG_WARN_DOCUMENTATION_COMMENTS = YES;
				CLANG_WARN_EMPTY_BODY = YES;
				CLANG_WARN_ENUM_CONVERSION = YES;
				CLANG_WARN_INFINITE_RECURSION = YES;
				CLANG_WARN_INT_CONVERSION = YES;
				CLANG_WARN_OBJC_ROOT_CLASS = YES_ERROR;
				CLANG_WARN_SUSPICIOUS_MOVES = YES;
				CLANG_WARN_UNREACHABLE_CODE = YES;
				CLANG_WARN__DUPLICATE_METHOD_MATCH = YES;
				CODE_SIGN_IDENTITY = "-";
				COPY_PHASE_STRIP = NO;
				DEBUG_INFORMATION_FORMAT = dwarf;
				ENABLE_STRICT_OBJC_MSGSEND = YES;
				ENABLE_TESTABILITY = YES;
				GCC_C_LANGUAGE_STANDARD = gnu99;
				GCC_DYNAMIC_NO_PIC = NO;
				GCC_NO_COMMON_BLOCKS = YES;
				GCC_OPTIMIZATION_LEVEL = 0;
				GCC_PREPROCESSOR_DEFINITIONS = (
					"DEBUG=1",
					"$(inherited)",
				);
				GCC_WARN_64_TO_32_BIT_CONVERSION = YES;
				GCC_WARN_ABOUT_RETURN_TYPE = YES_ERROR;
				GCC_WARN_UNDECLARED_SELECTOR = YES;
				GCC_WARN_UNINITIALIZED_AUTOS = YES_AGGRESSIVE;
				GCC_WARN_UNUSED_FUNCTION = YES;
				GCC_WARN_UNUSED_VARIABLE = YES;
				MACOSX_DEPLOYMENT_TARGET = 10.11;
				MTL_ENABLE_DEBUG_INFO = YES;
				ONLY_ACTIVE_ARCH = YES;
				SDKROOT = macosx;
			};
			name = Debug;
		};
		09E8B99A1EF11843009FDCB5 /* Release */ = {
			isa = XCBuildConfiguration;
			buildSettings = {
				ALWAYS_SEARCH_USER_PATHS = NO;
				CLANG_ANALYZER_NONNULL = YES;
				CLANG_CXX_LANGUAGE_STANDARD = "gnu++0x";
				CLANG_CXX_LIBRARY = "libc++";
				CLANG_ENABLE_MODULES = YES;
				CLANG_ENABLE_OBJC_ARC = YES;
				CLANG_WARN_BOOL_CONVERSION = YES;
				CLANG_WARN_CONSTANT_CONVERSION = YES;
				CLANG_WARN_DIRECT_OBJC_ISA_USAGE = YES_ERROR;
				CLANG_WARN_DOCUMENTATION_COMMENTS = YES;
				CLANG_WARN_EMPTY_BODY = YES;
				CLANG_WARN_ENUM_CONVERSION = YES;
				CLANG_WARN_INFINITE_RECURSION = YES;
				CLANG_WARN_INT_CONVERSION = YES;
				CLANG_WARN_OBJC_ROOT_CLASS = YES_ERROR;
				CLANG_WARN_SUSPICIOUS_MOVES = YES;
				CLANG_WARN_UNREACHABLE_CODE = YES;
				CLANG_WARN__DUPLICATE_METHOD_MATCH = YES;
				CODE_SIGN_IDENTITY = "-";
				COPY_PHASE_STRIP = NO;
				DEBUG_INFORMATION_FORMAT = "dwarf-with-dsym";
				ENABLE_NS_ASSERTIONS = NO;
				ENABLE_STRICT_OBJC_MSGSEND = YES;
				GCC_C_LANGUAGE_STANDARD = gnu99;
				GCC_NO_COMMON_BLOCKS = YES;
				GCC_WARN_64_TO_32_BIT_CONVERSION = YES;
				GCC_WARN_ABOUT_RETURN_TYPE = YES_ERROR;
				GCC_WARN_UNDECLARED_SELECTOR = YES;
				GCC_WARN_UNINITIALIZED_AUTOS = YES_AGGRESSIVE;
				GCC_WARN_UNUSED_FUNCTION = YES;
				GCC_WARN_UNUSED_VARIABLE = YES;
				MACOSX_DEPLOYMENT_TARGET = 10.11;
				MTL_ENABLE_DEBUG_INFO = NO;
				SDKROOT = macosx;
			};
			name = Release;
		};
		09E8B99C1EF11843009FDCB5 /* Debug */ = {
			isa = XCBuildConfiguration;
			buildSettings = {
				PRODUCT_NAME = "$(TARGET_NAME)";
			};
			name = Debug;
		};
		09E8B99D1EF11843009FDCB5 /* Release */ = {
			isa = XCBuildConfiguration;
			buildSettings = {
				PRODUCT_NAME = "$(TARGET_NAME)";
			};
			name = Release;
		};
/* End XCBuildConfiguration section */

/* Begin XCConfigurationList section */
		09E8B98F1EF11842009FDCB5 /* Build configuration list for PBXProject "SoldierGame" */ = {
			isa = XCConfigurationList;
			buildConfigurations = (
				09E8B9991EF11843009FDCB5 /* Debug */,
				09E8B99A1EF11843009FDCB5 /* Release */,
			);
			defaultConfigurationIsVisible = 0;
			defaultConfigurationName = Release;
		};
		09E8B99B1EF11843009FDCB5 /* Build configuration list for PBXNativeTarget "SoldierGame" */ = {
			isa = XCConfigurationList;
			buildConfigurations = (
				09E8B99C1EF11843009FDCB5 /* Debug */,
				09E8B99D1EF11843009FDCB5 /* Release */,
			);
			defaultConfigurationIsVisible = 0;
			defaultConfigurationName = Release;
		};
/* End XCConfigurationList section */
	};
	rootObject = 09E8B98C1EF11842009FDCB5 /* Project object */;
}
